
Microsoft Visual Studio Solution File, Format Version 12.00
# Visual Studio Version 17
VisualStudioVersion = 17.0.31903.59
MinimumVisualStudioVersion = 10.0.40219.1
Project("{2150E333-8FDC-42A3-9474-1A3956D46DE8}") = "src", "src", "{827E0CD3-B72D-47B6-A68D-7590B98EB39B}"
EndProject
Project("{FAE04EC0-301F-11D3-BF4B-00C04F79EFBC}") = "Auth019", "src\Auth019\Auth019.csproj", "{318E5DB1-D6AD-4E0A-8EE4-DE2AF7F971AB}"
EndProject
Project("{FAE04EC0-301F-11D3-BF4B-00C04F79EFBC}") = "ExpenseTracker019.ServiceDefaults", "src\ExpenseTracker019.ServiceDefaults\ExpenseTracker019.ServiceDefaults.csproj", "{423501AE-CB39-4DBD-9F67-9CB228D2DB67}"
EndProject
Project("{FAE04EC0-301F-11D3-BF4B-00C04F79EFBC}") = "ExpenseTracker019.Api", "src\ExpenseTracker019.Api\ExpenseTracker019.Api.csproj", "{628681A1-DB45-4637-AF3B-A9A47BC87656}"
EndProject
Project("{FAE04EC0-301F-11D3-BF4B-00C04F79EFBC}") = "ExpenseTracker019.AppHost", "src\ExpenseTracker019.AppHost\ExpenseTracker019.AppHost.csproj", "{84294B7B-0C88-49AA-A425-71A5A023F294}"
EndProject
Project("{2150E333-8FDC-42A3-9474-1A3956D46DE8}") = "tests", "tests", "{0AB3BF05-4346-4AA6-1389-037BE0695223}"
EndProject
Project("{FAE04EC0-301F-11D3-BF4B-00C04F79EFBC}") = "ExpenseTracker019.Tests", "tests\ExpenseTracker019.Tests\ExpenseTracker019.Tests.csproj", "{9D6D5DAE-0883-4515-8753-F6B90C2D2B97}"
EndProject
Global
	GlobalSection(SolutionConfigurationPlatforms) = preSolution
		Debug|Any CPU = Debug|Any CPU
		Debug|x64 = Debug|x64
		Debug|x86 = Debug|x86
		Release|Any CPU = Release|Any CPU
		Release|x64 = Release|x64
		Release|x86 = Release|x86
	EndGlobalSection
	GlobalSection(ProjectConfigurationPlatforms) = postSolution
		{318E5DB1-D6AD-4E0A-8EE4-DE2AF7F971AB}.Debug|Any CPU.ActiveCfg = Debug|Any CPU
		{318E5DB1-D6AD-4E0A-8EE4-DE2AF7F971AB}.Debug|Any CPU.Build.0 = Debug|Any CPU
		{318E5DB1-D6AD-4E0A-8EE4-DE2AF7F971AB}.Debug|x64.ActiveCfg = Debug|Any CPU
		{318E5DB1-D6AD-4E0A-8EE4-DE2AF7F971AB}.Debug|x64.Build.0 = Debug|Any CPU
		{318E5DB1-D6AD-4E0A-8EE4-DE2AF7F971AB}.Debug|x86.ActiveCfg = Debug|Any CPU
		{318E5DB1-D6AD-4E0A-8EE4-DE2AF7F971AB}.Debug|x86.Build.0 = Debug|Any CPU
		{318E5DB1-D6AD-4E0A-8EE4-DE2AF7F971AB}.Release|Any CPU.ActiveCfg = Release|Any CPU
		{318E5DB1-D6AD-4E0A-8EE4-DE2AF7F971AB}.Release|Any CPU.Build.0 = Release|Any CPU
		{318E5DB1-D6AD-4E0A-8EE4-DE2AF7F971AB}.Release|x64.ActiveCfg = Release|Any CPU
		{318E5DB1-D6AD-4E0A-8EE4-DE2AF7F971AB}.Release|x64.Build.0 = Release|Any CPU
		{318E5DB1-D6AD-4E0A-8EE4-DE2AF7F971AB}.Release|x86.ActiveCfg = Release|Any CPU
		{318E5DB1-D6AD-4E0A-8EE4-DE2AF7F971AB}.Release|x86.Build.0 = Release|Any CPU
		{423501AE-CB39-4DBD-9F67-9CB228D2DB67}.Debug|Any CPU.ActiveCfg = Debug|Any CPU
		{423501AE-CB39-4DBD-9F67-9CB228D2DB67}.Debug|Any CPU.Build.0 = Debug|Any CPU
		{423501AE-CB39-4DBD-9F67-9CB228D2DB67}.Debug|x64.ActiveCfg = Debug|Any CPU
		{423501AE-CB39-4DBD-9F67-9CB228D2DB67}.Debug|x64.Build.0 = Debug|Any CPU
		{423501AE-CB39-4DBD-9F67-9CB228D2DB67}.Debug|x86.ActiveCfg = Debug|Any CPU
		{423501AE-CB39-4DBD-9F67-9CB228D2DB67}.Debug|x86.Build.0 = Debug|Any CPU
		{423501AE-CB39-4DBD-9F67-9CB228D2DB67}.Release|Any CPU.ActiveCfg = Release|Any CPU
		{423501AE-CB39-4DBD-9F67-9CB228D2DB67}.Release|Any CPU.Build.0 = Release|Any CPU
		{423501AE-CB39-4DBD-9F67-9CB228D2DB67}.Release|x64.ActiveCfg = Release|Any CPU
		{423501AE-CB39-4DBD-9F67-9CB228D2DB67}.Release|x64.Build.0 = Release|Any CPU
		{423501AE-CB39-4DBD-9F67-9CB228D2DB67}.Release|x86.ActiveCfg = Release|Any CPU
		{423501AE-CB39-4DBD-9F67-9CB228D2DB67}.Release|x86.Build.0 = Release|Any CPU
		{628681A1-DB45-4637-AF3B-A9A47BC87656}.Debug|Any CPU.ActiveCfg = Debug|Any CPU
		{628681A1-DB45-4637-AF3B-A9A47BC87656}.Debug|Any CPU.Build.0 = Debug|Any CPU
		{628681A1-DB45-4637-AF3B-A9A47BC87656}.Debug|x64.ActiveCfg = Debug|Any CPU
		{628681A1-DB45-4637-AF3B-A9A47BC87656}.Debug|x64.Build.0 = Debug|Any CPU
		{628681A1-DB45-4637-AF3B-A9A47BC87656}.Debug|x86.ActiveCfg = Debug|Any CPU
		{628681A1-DB45-4637-AF3B-A9A47BC87656}.Debug|x86.Build.0 = Debug|Any CPU
		{628681A1-DB45-4637-AF3B-A9A47BC87656}.Release|Any CPU.ActiveCfg = Release|Any CPU
		{628681A1-DB45-4637-AF3B-A9A47BC87656}.Release|Any CPU.Build.0 = Release|Any CPU
		{628681A1-DB45-4637-AF3B-A9A47BC87656}.Release|x64.ActiveCfg = Release|Any CPU
		{628681A1-DB45-4637-AF3B-A9A47BC87656}.Release|x64.Build.0 = Release|Any CPU
		{628681A1-DB45-4637-AF3B-A9A47BC87656}.Release|x86.ActiveCfg = Release|Any CPU
		{628681A1-DB45-4637-AF3B-A9A47BC87656}.Release|x86.Build.0 = Release|Any CPU
		{84294B7B-0C88-49AA-A425-71A5A023F294}.Debug|Any CPU.ActiveCfg = Debug|Any CPU
		{84294B7B-0C88-49AA-A425-71A5A023F294}.Debug|Any CPU.Build.0 = Debug|Any CPU
		{84294B7B-0C88-49AA-A425-71A5A023F294}.Debug|x64.ActiveCfg = Debug|Any CPU
		{84294B7B-0C88-49AA-A425-71A5A023F294}.Debug|x64.Build.0 = Debug|Any CPU
		{84294B7B-0C88-49AA-A425-71A5A023F294}.Debug|x86.ActiveCfg = Debug|Any CPU
		{84294B7B-0C88-49AA-A425-71A5A023F294}.Debug|x86.Build.0 = Debug|Any CPU
		{84294B7B-0C88-49AA-A425-71A5A023F294}.Release|Any CPU.ActiveCfg = Release|Any CPU
		{84294B7B-0C88-49AA-A425-71A5A023F294}.Release|Any CPU.Build.0 = Release|Any CPU
		{84294B7B-0C88-49AA-A425-71A5A023F294}.Release|x64.ActiveCfg = Release|Any CPU
		{84294B7B-0C88-49AA-A425-71A5A023F294}.Release|x64.Build.0 = Release|Any CPU
		{84294B7B-0C88-49AA-A425-71A5A023F294}.Release|x86.ActiveCfg = Release|Any CPU
		{84294B7B-0C88-49AA-A425-71A5A023F294}.Release|x86.Build.0 = Release|Any CPU
		{9D6D5DAE-0883-4515-8753-F6B90C2D2B97}.Debug|Any CPU.ActiveCfg = Debug|Any CPU
		{9D6D5DAE-0883-4515-8753-F6B90C2D2B97}.Debug|Any CPU.Build.0 = Debug|Any CPU
		{9D6D5DAE-0883-4515-8753-F6B90C2D2B97}.Debug|x64.ActiveCfg = Debug|Any CPU
		{9D6D5DAE-0883-4515-8753-F6B90C2D2B97}.Debug|x64.Build.0 = Debug|Any CPU
		{9D6D5DAE-0883-4515-8753-F6B90C2D2B97}.Debug|x86.ActiveCfg = Debug|Any CPU
		{9D6D5DAE-0883-4515-8753-F6B90C2D2B97}.Debug|x86.Build.0 = Debug|Any CPU
		{9D6D5DAE-0883-4515-8753-F6B90C2D2B97}.Release|Any CPU.ActiveCfg = Release|Any CPU
		{9D6D5DAE-0883-4515-8753-F6B90C2D2B97}.Release|Any CPU.Build.0 = Release|Any CPU
		{9D6D5DAE-0883-4515-8753-F6B90C2D2B97}.Release|x64.ActiveCfg = Release|Any CPU
		{9D6D5DAE-0883-4515-8753-F6B90C2D2B97}.Release|x64.Build.0 = Release|Any CPU
		{9D6D5DAE-0883-4515-8753-F6B90C2D2B97}.Release|x86.ActiveCfg = Release|Any CPU
		{9D6D5DAE-0883-4515-8753-F6B90C2D2B97}.Release|x86.Build.0 = Release|Any CPU
	EndGlobalSection
	GlobalSection(SolutionProperties) = preSolution
		HideSolutionNode = FALSE
	EndGlobalSection
	GlobalSection(NestedProjects) = preSolution
		{318E5DB1-D6AD-4E0A-8EE4-DE2AF7F971AB} = {827E0CD3-B72D-47B6-A68D-7590B98EB39B}
		{423501AE-CB39-4DBD-9F67-9CB228D2DB67} = {827E0CD3-B72D-47B6-A68D-7590B98EB39B}
		{628681A1-DB45-4637-AF3B-A9A47BC87656} = {827E0CD3-B72D-47B6-A68D-7590B98EB39B}
		{84294B7B-0C88-49AA-A425-71A5A023F294} = {827E0CD3-B72D-47B6-A68D-7590B98EB39B}
		{9D6D5DAE-0883-4515-8753-F6B90C2D2B97} = {0AB3BF05-4346-4AA6-1389-037BE0695223}
	EndGlobalSection
EndGlobal
